
Microsoft Visual Studio Solution File, Format Version 12.00
# Visual Studio Version 17
VisualStudioVersion = 17.7.34031.279
MinimumVisualStudioVersion = 10.0.40219.1
Project("{FAE04EC0-301F-11D3-BF4B-00C04F79EFBC}") = "WebApplication3", "WebApplication3\WebApplication3.csproj", "{BCA3D292-1C11-4349-A638-966925323867}"
EndProject
Global
	GlobalSection(SolutionConfigurationPlatforms) = preSolution
		Debug|Any CPU = Debug|Any CPU
		Release|Any CPU = Release|Any CPU
	EndGlobalSection
	GlobalSection(ProjectConfigurationPlatforms) = postSolution
		{BCA3D292-1C11-4349-A638-966925323867}.Debug|Any CPU.ActiveCfg = Debug|Any CPU
		{BCA3D292-1C11-4349-A638-966925323867}.Debug|Any CPU.Build.0 = Debug|Any CPU
		{BCA3D292-1C11-4349-A638-966925323867}.Release|Any CPU.ActiveCfg = Release|Any CPU
		{BCA3D292-1C11-4349-A638-966925323867}.Release|Any CPU.Build.0 = Release|Any CPU
	EndGlobalSection
	GlobalSection(SolutionProperties) = preSolution
		HideSolutionNode = FALSE
	EndGlobalSection
	GlobalSection(ExtensibilityGlobals) = postSolution
		SolutionGuid = {33935A17-AB57-48CA-B3E1-D94D84A4F5DF}
	EndGlobalSection
EndGlobal
